// !$*UTF8*$!
{
	archiveVersion = 1;
	classes = {
	};
	objectVersion = 56;
	objects = {

/* Begin PBXBuildFile section */
		108C6AF82AC3F77F006CC7CC /* Amber_IT_ProfileApp.swift in Sources */ = {isa = PBXBuildFile; fileRef = 108C6AF72AC3F77F006CC7CC /* Amber_IT_ProfileApp.swift */; };
		108C6AFA2AC3F77F006CC7CC /* ContentView.swift in Sources */ = {isa = PBXBuildFile; fileRef = 108C6AF92AC3F77F006CC7CC /* ContentView.swift */; };
		108C6AFC2AC3F781006CC7CC /* Assets.xcassets in Resources */ = {isa = PBXBuildFile; fileRef = 108C6AFB2AC3F781006CC7CC /* Assets.xcassets */; };
		108C6AFF2AC3F781006CC7CC /* Preview Assets.xcassets in Resources */ = {isa = PBXBuildFile; fileRef = 108C6AFE2AC3F781006CC7CC /* Preview Assets.xcassets */; };
		10EE520E2ACEA8B100704830 /* TextFieldWhiteBorderedView.swift in Sources */ = {isa = PBXBuildFile; fileRef = 10EE51F52ACEA8B100704830 /* TextFieldWhiteBorderedView.swift */; };
		10EE520F2ACEA8B100704830 /* TextFieldStyle.swift in Sources */ = {isa = PBXBuildFile; fileRef = 10EE51F62ACEA8B100704830 /* TextFieldStyle.swift */; };
		10EE52102ACEA8B100704830 /* TextFieldPlaceholderStyle.swift in Sources */ = {isa = PBXBuildFile; fileRef = 10EE51F72ACEA8B100704830 /* TextFieldPlaceholderStyle.swift */; };
		10EE52112ACEA8B100704830 /* ProfileOptionView.swift in Sources */ = {isa = PBXBuildFile; fileRef = 10EE51F92ACEA8B100704830 /* ProfileOptionView.swift */; };
		10EE52122ACEA8B100704830 /* PackageDataInputView.swift in Sources */ = {isa = PBXBuildFile; fileRef = 10EE51FA2ACEA8B100704830 /* PackageDataInputView.swift */; };
		10EE52132ACEA8B100704830 /* CalenderView.swift in Sources */ = {isa = PBXBuildFile; fileRef = 10EE51FB2ACEA8B100704830 /* CalenderView.swift */; };
		10EE52142ACEA8B100704830 /* ProfileInformationExpandableView.swift in Sources */ = {isa = PBXBuildFile; fileRef = 10EE51FD2ACEA8B100704830 /* ProfileInformationExpandableView.swift */; };
		10EE52152ACEA8B100704830 /* ProfileTextFiledView.swift in Sources */ = {isa = PBXBuildFile; fileRef = 10EE51FE2ACEA8B100704830 /* ProfileTextFiledView.swift */; };
		10EE52162ACEA8B100704830 /* NavigationBar.swift in Sources */ = {isa = PBXBuildFile; fileRef = 10EE52002ACEA8B100704830 /* NavigationBar.swift */; };
		10EE52172ACEA8B100704830 /* NavigationBarTrailing.swift in Sources */ = {isa = PBXBuildFile; fileRef = 10EE52012ACEA8B100704830 /* NavigationBarTrailing.swift */; };
		10EE52182ACEA8B100704830 /* NavigationBarLeading.swift in Sources */ = {isa = PBXBuildFile; fileRef = 10EE52022ACEA8B100704830 /* NavigationBarLeading.swift */; };
		10EE52192ACEA8B100704830 /* PaymentHistoryListItemView.swift in Sources */ = {isa = PBXBuildFile; fileRef = 10EE52042ACEA8B100704830 /* PaymentHistoryListItemView.swift */; };
		10EE521A2ACEA8B100704830 /* PaymentHistoryListView.swift in Sources */ = {isa = PBXBuildFile; fileRef = 10EE52052ACEA8B100704830 /* PaymentHistoryListView.swift */; };
		10EE521B2ACEA8B100704830 /* PackageRegistrationFormView.swift in Sources */ = {isa = PBXBuildFile; fileRef = 10EE52062ACEA8B100704830 /* PackageRegistrationFormView.swift */; };
		10EE521C2ACEA8B100704830 /* PackageListView.swift in Sources */ = {isa = PBXBuildFile; fileRef = 10EE52072ACEA8B100704830 /* PackageListView.swift */; };
		10EE521D2ACEA8B100704830 /* PackageCardView.swift in Sources */ = {isa = PBXBuildFile; fileRef = 10EE52082ACEA8B100704830 /* PackageCardView.swift */; };
		10EE521E2ACEA8B100704830 /* EditProfileView.swift in Sources */ = {isa = PBXBuildFile; fileRef = 10EE520A2ACEA8B100704830 /* EditProfileView.swift */; };
		10EE521F2ACEA8B100704830 /* ProfileView.swift in Sources */ = {isa = PBXBuildFile; fileRef = 10EE520B2ACEA8B100704830 /* ProfileView.swift */; };
		10EE52202ACEA8B100704830 /* InternetPackageView.swift in Sources */ = {isa = PBXBuildFile; fileRef = 10EE520C2ACEA8B100704830 /* InternetPackageView.swift */; };
		10EE52212ACEA8B100704830 /* AppSettingsView.swift in Sources */ = {isa = PBXBuildFile; fileRef = 10EE520D2ACEA8B100704830 /* AppSettingsView.swift */; };
		10EE52292ACEA8D400704830 /* UserLocation.swift in Sources */ = {isa = PBXBuildFile; fileRef = 10EE52232ACEA8D400704830 /* UserLocation.swift */; };
		10EE522A2ACEA8D400704830 /* FontManager.swift in Sources */ = {isa = PBXBuildFile; fileRef = 10EE52242ACEA8D400704830 /* FontManager.swift */; };
		10EE522B2ACEA8D400704830 /* UserData.swift in Sources */ = {isa = PBXBuildFile; fileRef = 10EE52252ACEA8D400704830 /* UserData.swift */; };
		10EE522C2ACEA8D400704830 /* UserGender.swift in Sources */ = {isa = PBXBuildFile; fileRef = 10EE52262ACEA8D400704830 /* UserGender.swift */; };
		10EE522D2ACEA8D400704830 /* PaymentHistory.swift in Sources */ = {isa = PBXBuildFile; fileRef = 10EE52272ACEA8D400704830 /* PaymentHistory.swift */; };
		10EE522E2ACEA8D400704830 /* Package.swift in Sources */ = {isa = PBXBuildFile; fileRef = 10EE52282ACEA8D400704830 /* Package.swift */; };
		10EE52322ACEA8FA00704830 /* UserInfos.swift in Sources */ = {isa = PBXBuildFile; fileRef = 10EE52302ACEA8FA00704830 /* UserInfos.swift */; };
		10EE52332ACEA8FA00704830 /* PackageViewModel.swift in Sources */ = {isa = PBXBuildFile; fileRef = 10EE52312ACEA8FA00704830 /* PackageViewModel.swift */; };
		10EE524D2ACEA92200704830 /* DateFormatter.swift in Sources */ = {isa = PBXBuildFile; fileRef = 10EE52352ACEA92200704830 /* DateFormatter.swift */; };
		10EE524E2ACEA92200704830 /* BundleJsonDecoder.swift in Sources */ = {isa = PBXBuildFile; fileRef = 10EE52372ACEA92200704830 /* BundleJsonDecoder.swift */; };
		10EE524F2ACEA92300704830 /* ScreenSize.swift in Sources */ = {isa = PBXBuildFile; fileRef = 10EE52382ACEA92200704830 /* ScreenSize.swift */; };
		10EE52502ACEA92300704830 /* DeviceType.swift in Sources */ = {isa = PBXBuildFile; fileRef = 10EE52392ACEA92200704830 /* DeviceType.swift */; };
		10EE52512ACEA92300704830 /* Colors.swift in Sources */ = {isa = PBXBuildFile; fileRef = 10EE523A2ACEA92200704830 /* Colors.swift */; };
		10EE52522ACEA92300704830 /* GeoLocations.json in Resources */ = {isa = PBXBuildFile; fileRef = 10EE523D2ACEA92200704830 /* GeoLocations.json */; };
		10EE52532ACEA92300704830 /* Country.swift in Sources */ = {isa = PBXBuildFile; fileRef = 10EE523E2ACEA92200704830 /* Country.swift */; };
		10EE52542ACEA92300704830 /* DummyDatas.swift in Sources */ = {isa = PBXBuildFile; fileRef = 10EE523F2ACEA92200704830 /* DummyDatas.swift */; };
		10EE52552ACEA92300704830 /* Montserrat-Medium.ttf in Resources */ = {isa = PBXBuildFile; fileRef = 10EE52422ACEA92200704830 /* Montserrat-Medium.ttf */; };
		10EE52562ACEA92300704830 /* Montserrat-Light.ttf in Resources */ = {isa = PBXBuildFile; fileRef = 10EE52432ACEA92200704830 /* Montserrat-Light.ttf */; };
		10EE52572ACEA92300704830 /* Montserrat-Bold.ttf in Resources */ = {isa = PBXBuildFile; fileRef = 10EE52442ACEA92200704830 /* Montserrat-Bold.ttf */; };
		10EE52582ACEA92300704830 /* Poppins-Light.ttf in Resources */ = {isa = PBXBuildFile; fileRef = 10EE52462ACEA92200704830 /* Poppins-Light.ttf */; };
		10EE52592ACEA92300704830 /* Poppins-Medium.ttf in Resources */ = {isa = PBXBuildFile; fileRef = 10EE52472ACEA92200704830 /* Poppins-Medium.ttf */; };
		10EE525A2ACEA92300704830 /* Poppins-Regular.ttf in Resources */ = {isa = PBXBuildFile; fileRef = 10EE52482ACEA92200704830 /* Poppins-Regular.ttf */; };
		10EE525B2ACEA92300704830 /* Poppins-Bold.ttf in Resources */ = {isa = PBXBuildFile; fileRef = 10EE52492ACEA92200704830 /* Poppins-Bold.ttf */; };
		10EE525C2ACEA92300704830 /* Poppins-SemiBold.ttf in Resources */ = {isa = PBXBuildFile; fileRef = 10EE524A2ACEA92200704830 /* Poppins-SemiBold.ttf */; };
		10EE525D2ACEA92300704830 /* DeviceInfos.swift in Sources */ = {isa = PBXBuildFile; fileRef = 10EE524C2ACEA92200704830 /* DeviceInfos.swift */; };
		10EE52612ACEAA4A00704830 /* RoundedCorner.swift in Sources */ = {isa = PBXBuildFile; fileRef = 10EE525F2ACEAA4A00704830 /* RoundedCorner.swift */; };
		10EE52622ACEAA4A00704830 /* StepGradientView.swift in Sources */ = {isa = PBXBuildFile; fileRef = 10EE52602ACEAA4A00704830 /* StepGradientView.swift */; };
		10EE52642ACEC4ED00704830 /* PackageFormSubmissionPopUpView.swift in Sources */ = {isa = PBXBuildFile; fileRef = 10EE52632ACEC4ED00704830 /* PackageFormSubmissionPopUpView.swift */; };
		881100E22ACD74EC008536BE /* UsageHistoryAllTickets.swift in Sources */ = {isa = PBXBuildFile; fileRef = 881100E12ACD74EC008536BE /* UsageHistoryAllTickets.swift */; };
		881100E42ACD7DEA008536BE /* NotificationsView.swift in Sources */ = {isa = PBXBuildFile; fileRef = 881100E32ACD7DEA008536BE /* NotificationsView.swift */; };
		881100E62ACD84AC008536BE /* FeedBackView.swift in Sources */ = {isa = PBXBuildFile; fileRef = 881100E52ACD84AC008536BE /* FeedBackView.swift */; };
		88283D512ACE892E000E73B2 /* UsageHistorySupportPage.swift in Sources */ = {isa = PBXBuildFile; fileRef = 88283D502ACE892E000E73B2 /* UsageHistorySupportPage.swift */; };
		887845FB2ACD465100625703 /* UsageHistoryTextFieldModifierl.swift in Sources */ = {isa = PBXBuildFile; fileRef = 887845FA2ACD465100625703 /* UsageHistoryTextFieldModifierl.swift */; };
		887845FD2ACD4D1D00625703 /* UsageHistoryTicketCreatePage.swift in Sources */ = {isa = PBXBuildFile; fileRef = 887845FC2ACD4D1D00625703 /* UsageHistoryTicketCreatePage.swift */; };
		8883036C2ACEC57D004FD77D /* Terms_And_Conditions.swift in Sources */ = {isa = PBXBuildFile; fileRef = 8883036B2ACEC57D004FD77D /* Terms_And_Conditions.swift */; };
		8883036E2ACECAB0004FD77D /* FAQ.swift in Sources */ = {isa = PBXBuildFile; fileRef = 8883036D2ACECAB0004FD77D /* FAQ.swift */; };
		888303702ACECB19004FD77D /* Privacy Notice .swift in Sources */ = {isa = PBXBuildFile; fileRef = 8883036F2ACECB19004FD77D /* Privacy Notice .swift */; };
/* End PBXBuildFile section */

/* Begin PBXFileReference section */
		108C6AF42AC3F77F006CC7CC /* Amber IT Profile.app */ = {isa = PBXFileReference; explicitFileType = wrapper.application; includeInIndex = 0; path = "Amber IT Profile.app"; sourceTree = BUILT_PRODUCTS_DIR; };
		108C6AF72AC3F77F006CC7CC /* Amber_IT_ProfileApp.swift */ = {isa = PBXFileReference; lastKnownFileType = sourcecode.swift; path = Amber_IT_ProfileApp.swift; sourceTree = "<group>"; };
		108C6AF92AC3F77F006CC7CC /* ContentView.swift */ = {isa = PBXFileReference; lastKnownFileType = sourcecode.swift; path = ContentView.swift; sourceTree = "<group>"; };
		108C6AFB2AC3F781006CC7CC /* Assets.xcassets */ = {isa = PBXFileReference; lastKnownFileType = folder.assetcatalog; path = Assets.xcassets; sourceTree = "<group>"; };
		108C6AFE2AC3F781006CC7CC /* Preview Assets.xcassets */ = {isa = PBXFileReference; lastKnownFileType = folder.assetcatalog; path = "Preview Assets.xcassets"; sourceTree = "<group>"; };
		108C6B102AC41465006CC7CC /* Amber-IT-Profile-Info.plist */ = {isa = PBXFileReference; lastKnownFileType = text.plist; path = "Amber-IT-Profile-Info.plist"; sourceTree = SOURCE_ROOT; };
		10EE51F52ACEA8B100704830 /* TextFieldWhiteBorderedView.swift */ = {isa = PBXFileReference; fileEncoding = 4; lastKnownFileType = sourcecode.swift; path = TextFieldWhiteBorderedView.swift; sourceTree = "<group>"; };
		10EE51F62ACEA8B100704830 /* TextFieldStyle.swift */ = {isa = PBXFileReference; fileEncoding = 4; lastKnownFileType = sourcecode.swift; path = TextFieldStyle.swift; sourceTree = "<group>"; };
		10EE51F72ACEA8B100704830 /* TextFieldPlaceholderStyle.swift */ = {isa = PBXFileReference; fileEncoding = 4; lastKnownFileType = sourcecode.swift; path = TextFieldPlaceholderStyle.swift; sourceTree = "<group>"; };
		10EE51F92ACEA8B100704830 /* ProfileOptionView.swift */ = {isa = PBXFileReference; fileEncoding = 4; lastKnownFileType = sourcecode.swift; path = ProfileOptionView.swift; sourceTree = "<group>"; };
		10EE51FA2ACEA8B100704830 /* PackageDataInputView.swift */ = {isa = PBXFileReference; fileEncoding = 4; lastKnownFileType = sourcecode.swift; path = PackageDataInputView.swift; sourceTree = "<group>"; };
		10EE51FB2ACEA8B100704830 /* CalenderView.swift */ = {isa = PBXFileReference; fileEncoding = 4; lastKnownFileType = sourcecode.swift; path = CalenderView.swift; sourceTree = "<group>"; };
		10EE51FD2ACEA8B100704830 /* ProfileInformationExpandableView.swift */ = {isa = PBXFileReference; fileEncoding = 4; lastKnownFileType = sourcecode.swift; path = ProfileInformationExpandableView.swift; sourceTree = "<group>"; };
		10EE51FE2ACEA8B100704830 /* ProfileTextFiledView.swift */ = {isa = PBXFileReference; fileEncoding = 4; lastKnownFileType = sourcecode.swift; path = ProfileTextFiledView.swift; sourceTree = "<group>"; };
		10EE52002ACEA8B100704830 /* NavigationBar.swift */ = {isa = PBXFileReference; fileEncoding = 4; lastKnownFileType = sourcecode.swift; path = NavigationBar.swift; sourceTree = "<group>"; };
		10EE52012ACEA8B100704830 /* NavigationBarTrailing.swift */ = {isa = PBXFileReference; fileEncoding = 4; lastKnownFileType = sourcecode.swift; path = NavigationBarTrailing.swift; sourceTree = "<group>"; };
		10EE52022ACEA8B100704830 /* NavigationBarLeading.swift */ = {isa = PBXFileReference; fileEncoding = 4; lastKnownFileType = sourcecode.swift; path = NavigationBarLeading.swift; sourceTree = "<group>"; };
		10EE52042ACEA8B100704830 /* PaymentHistoryListItemView.swift */ = {isa = PBXFileReference; fileEncoding = 4; lastKnownFileType = sourcecode.swift; path = PaymentHistoryListItemView.swift; sourceTree = "<group>"; };
		10EE52052ACEA8B100704830 /* PaymentHistoryListView.swift */ = {isa = PBXFileReference; fileEncoding = 4; lastKnownFileType = sourcecode.swift; path = PaymentHistoryListView.swift; sourceTree = "<group>"; };
		10EE52062ACEA8B100704830 /* PackageRegistrationFormView.swift */ = {isa = PBXFileReference; fileEncoding = 4; lastKnownFileType = sourcecode.swift; path = PackageRegistrationFormView.swift; sourceTree = "<group>"; };
		10EE52072ACEA8B100704830 /* PackageListView.swift */ = {isa = PBXFileReference; fileEncoding = 4; lastKnownFileType = sourcecode.swift; path = PackageListView.swift; sourceTree = "<group>"; };
		10EE52082ACEA8B100704830 /* PackageCardView.swift */ = {isa = PBXFileReference; fileEncoding = 4; lastKnownFileType = sourcecode.swift; path = PackageCardView.swift; sourceTree = "<group>"; };
		10EE520A2ACEA8B100704830 /* EditProfileView.swift */ = {isa = PBXFileReference; fileEncoding = 4; lastKnownFileType = sourcecode.swift; path = EditProfileView.swift; sourceTree = "<group>"; };
		10EE520B2ACEA8B100704830 /* ProfileView.swift */ = {isa = PBXFileReference; fileEncoding = 4; lastKnownFileType = sourcecode.swift; path = ProfileView.swift; sourceTree = "<group>"; };
		10EE520C2ACEA8B100704830 /* InternetPackageView.swift */ = {isa = PBXFileReference; fileEncoding = 4; lastKnownFileType = sourcecode.swift; path = InternetPackageView.swift; sourceTree = "<group>"; };
		10EE520D2ACEA8B100704830 /* AppSettingsView.swift */ = {isa = PBXFileReference; fileEncoding = 4; lastKnownFileType = sourcecode.swift; path = AppSettingsView.swift; sourceTree = "<group>"; };
		10EE52232ACEA8D400704830 /* UserLocation.swift */ = {isa = PBXFileReference; fileEncoding = 4; lastKnownFileType = sourcecode.swift; path = UserLocation.swift; sourceTree = "<group>"; };
		10EE52242ACEA8D400704830 /* FontManager.swift */ = {isa = PBXFileReference; fileEncoding = 4; lastKnownFileType = sourcecode.swift; path = FontManager.swift; sourceTree = "<group>"; };
		10EE52252ACEA8D400704830 /* UserData.swift */ = {isa = PBXFileReference; fileEncoding = 4; lastKnownFileType = sourcecode.swift; path = UserData.swift; sourceTree = "<group>"; };
		10EE52262ACEA8D400704830 /* UserGender.swift */ = {isa = PBXFileReference; fileEncoding = 4; lastKnownFileType = sourcecode.swift; path = UserGender.swift; sourceTree = "<group>"; };
		10EE52272ACEA8D400704830 /* PaymentHistory.swift */ = {isa = PBXFileReference; fileEncoding = 4; lastKnownFileType = sourcecode.swift; path = PaymentHistory.swift; sourceTree = "<group>"; };
		10EE52282ACEA8D400704830 /* Package.swift */ = {isa = PBXFileReference; fileEncoding = 4; lastKnownFileType = sourcecode.swift; path = Package.swift; sourceTree = "<group>"; };
		10EE52302ACEA8FA00704830 /* UserInfos.swift */ = {isa = PBXFileReference; fileEncoding = 4; lastKnownFileType = sourcecode.swift; path = UserInfos.swift; sourceTree = "<group>"; };
		10EE52312ACEA8FA00704830 /* PackageViewModel.swift */ = {isa = PBXFileReference; fileEncoding = 4; lastKnownFileType = sourcecode.swift; path = PackageViewModel.swift; sourceTree = "<group>"; };
		10EE52352ACEA92200704830 /* DateFormatter.swift */ = {isa = PBXFileReference; fileEncoding = 4; lastKnownFileType = sourcecode.swift; path = DateFormatter.swift; sourceTree = "<group>"; };
		10EE52372ACEA92200704830 /* BundleJsonDecoder.swift */ = {isa = PBXFileReference; fileEncoding = 4; lastKnownFileType = sourcecode.swift; path = BundleJsonDecoder.swift; sourceTree = "<group>"; };
		10EE52382ACEA92200704830 /* ScreenSize.swift */ = {isa = PBXFileReference; fileEncoding = 4; lastKnownFileType = sourcecode.swift; path = ScreenSize.swift; sourceTree = "<group>"; };
		10EE52392ACEA92200704830 /* DeviceType.swift */ = {isa = PBXFileReference; fileEncoding = 4; lastKnownFileType = sourcecode.swift; path = DeviceType.swift; sourceTree = "<group>"; };
		10EE523A2ACEA92200704830 /* Colors.swift */ = {isa = PBXFileReference; fileEncoding = 4; lastKnownFileType = sourcecode.swift; path = Colors.swift; sourceTree = "<group>"; };
		10EE523D2ACEA92200704830 /* GeoLocations.json */ = {isa = PBXFileReference; fileEncoding = 4; lastKnownFileType = text.json; path = GeoLocations.json; sourceTree = "<group>"; };
		10EE523E2ACEA92200704830 /* Country.swift */ = {isa = PBXFileReference; fileEncoding = 4; lastKnownFileType = sourcecode.swift; path = Country.swift; sourceTree = "<group>"; };
		10EE523F2ACEA92200704830 /* DummyDatas.swift */ = {isa = PBXFileReference; fileEncoding = 4; lastKnownFileType = sourcecode.swift; path = DummyDatas.swift; sourceTree = "<group>"; };
		10EE52422ACEA92200704830 /* Montserrat-Medium.ttf */ = {isa = PBXFileReference; lastKnownFileType = file; path = "Montserrat-Medium.ttf"; sourceTree = "<group>"; };
		10EE52432ACEA92200704830 /* Montserrat-Light.ttf */ = {isa = PBXFileReference; lastKnownFileType = file; path = "Montserrat-Light.ttf"; sourceTree = "<group>"; };
		10EE52442ACEA92200704830 /* Montserrat-Bold.ttf */ = {isa = PBXFileReference; lastKnownFileType = file; path = "Montserrat-Bold.ttf"; sourceTree = "<group>"; };
		10EE52462ACEA92200704830 /* Poppins-Light.ttf */ = {isa = PBXFileReference; lastKnownFileType = file; path = "Poppins-Light.ttf"; sourceTree = "<group>"; };
		10EE52472ACEA92200704830 /* Poppins-Medium.ttf */ = {isa = PBXFileReference; lastKnownFileType = file; path = "Poppins-Medium.ttf"; sourceTree = "<group>"; };
		10EE52482ACEA92200704830 /* Poppins-Regular.ttf */ = {isa = PBXFileReference; lastKnownFileType = file; path = "Poppins-Regular.ttf"; sourceTree = "<group>"; };
		10EE52492ACEA92200704830 /* Poppins-Bold.ttf */ = {isa = PBXFileReference; lastKnownFileType = file; path = "Poppins-Bold.ttf"; sourceTree = "<group>"; };
		10EE524A2ACEA92200704830 /* Poppins-SemiBold.ttf */ = {isa = PBXFileReference; lastKnownFileType = file; path = "Poppins-SemiBold.ttf"; sourceTree = "<group>"; };
		10EE524C2ACEA92200704830 /* DeviceInfos.swift */ = {isa = PBXFileReference; fileEncoding = 4; lastKnownFileType = sourcecode.swift; path = DeviceInfos.swift; sourceTree = "<group>"; };
		10EE525F2ACEAA4A00704830 /* RoundedCorner.swift */ = {isa = PBXFileReference; fileEncoding = 4; lastKnownFileType = sourcecode.swift; path = RoundedCorner.swift; sourceTree = "<group>"; };
		10EE52602ACEAA4A00704830 /* StepGradientView.swift */ = {isa = PBXFileReference; fileEncoding = 4; lastKnownFileType = sourcecode.swift; path = StepGradientView.swift; sourceTree = "<group>"; };
		10EE52632ACEC4ED00704830 /* PackageFormSubmissionPopUpView.swift */ = {isa = PBXFileReference; lastKnownFileType = sourcecode.swift; path = PackageFormSubmissionPopUpView.swift; sourceTree = "<group>"; };
		881100E12ACD74EC008536BE /* UsageHistoryAllTickets.swift */ = {isa = PBXFileReference; lastKnownFileType = sourcecode.swift; path = UsageHistoryAllTickets.swift; sourceTree = "<group>"; };
		881100E32ACD7DEA008536BE /* NotificationsView.swift */ = {isa = PBXFileReference; lastKnownFileType = sourcecode.swift; path = NotificationsView.swift; sourceTree = "<group>"; };
		881100E52ACD84AC008536BE /* FeedBackView.swift */ = {isa = PBXFileReference; lastKnownFileType = sourcecode.swift; path = FeedBackView.swift; sourceTree = "<group>"; };
		88283D502ACE892E000E73B2 /* UsageHistorySupportPage.swift */ = {isa = PBXFileReference; lastKnownFileType = sourcecode.swift; path = UsageHistorySupportPage.swift; sourceTree = "<group>"; };
		887845FA2ACD465100625703 /* UsageHistoryTextFieldModifierl.swift */ = {isa = PBXFileReference; lastKnownFileType = sourcecode.swift; path = UsageHistoryTextFieldModifierl.swift; sourceTree = "<group>"; };
		887845FC2ACD4D1D00625703 /* UsageHistoryTicketCreatePage.swift */ = {isa = PBXFileReference; lastKnownFileType = sourcecode.swift; path = UsageHistoryTicketCreatePage.swift; sourceTree = "<group>"; };
		8883036B2ACEC57D004FD77D /* Terms_And_Conditions.swift */ = {isa = PBXFileReference; lastKnownFileType = sourcecode.swift; path = Terms_And_Conditions.swift; sourceTree = "<group>"; };
		8883036D2ACECAB0004FD77D /* FAQ.swift */ = {isa = PBXFileReference; lastKnownFileType = sourcecode.swift; path = FAQ.swift; sourceTree = "<group>"; };
		8883036F2ACECB19004FD77D /* Privacy Notice .swift */ = {isa = PBXFileReference; lastKnownFileType = sourcecode.swift; path = "Privacy Notice .swift"; sourceTree = "<group>"; };
/* End PBXFileReference section */

/* Begin PBXFrameworksBuildPhase section */
		108C6AF12AC3F77F006CC7CC /* Frameworks */ = {
			isa = PBXFrameworksBuildPhase;
			buildActionMask = 2147483647;
			files = (
			);
			runOnlyForDeploymentPostprocessing = 0;
		};
/* End PBXFrameworksBuildPhase section */

/* Begin PBXGroup section */
		108C6AEB2AC3F77F006CC7CC = {
			isa = PBXGroup;
			children = (
				108C6AF62AC3F77F006CC7CC /* Amber IT Profile */,
				108C6AF52AC3F77F006CC7CC /* Products */,
			);
			sourceTree = "<group>";
		};
		108C6AF52AC3F77F006CC7CC /* Products */ = {
			isa = PBXGroup;
			children = (
				108C6AF42AC3F77F006CC7CC /* Amber IT Profile.app */,
			);
			name = Products;
			sourceTree = "<group>";
		};
		108C6AF62AC3F77F006CC7CC /* Amber IT Profile */ = {
			isa = PBXGroup;
			children = (
				108C6B102AC41465006CC7CC /* Amber-IT-Profile-Info.plist */,
				10EE51F32ACEA8B100704830 /* View */,
				10EE52222ACEA8D400704830 /* Model */,
				10EE522F2ACEA8FA00704830 /* ViewModel */,
				10EE524B2ACEA92200704830 /* DeviceInfos */,
				10EE52362ACEA92200704830 /* Extension */,
				10EE52342ACEA92200704830 /* Helper */,
				10EE523B2ACEA92200704830 /* Storage */,
				108C6AF72AC3F77F006CC7CC /* Amber_IT_ProfileApp.swift */,
				108C6AF92AC3F77F006CC7CC /* ContentView.swift */,
				108C6AFB2AC3F781006CC7CC /* Assets.xcassets */,
				108C6AFD2AC3F781006CC7CC /* Preview Content */,
			);
			path = "Amber IT Profile";
			sourceTree = "<group>";
		};
		108C6AFD2AC3F781006CC7CC /* Preview Content */ = {
			isa = PBXGroup;
			children = (
				108C6AFE2AC3F781006CC7CC /* Preview Assets.xcassets */,
			);
			path = "Preview Content";
			sourceTree = "<group>";
		};
		10EE51F32ACEA8B100704830 /* View */ = {
			isa = PBXGroup;
			children = (
				10EE52092ACEA8B100704830 /* MainView */,
				10EE51F82ACEA8B100704830 /* SubView */,
				10EE51F42ACEA8B100704830 /* Modifres */,
				10EE525E2ACEAA4A00704830 /* Shapes */,
			);
			path = View;
			sourceTree = "<group>";
		};
		10EE51F42ACEA8B100704830 /* Modifres */ = {
			isa = PBXGroup;
			children = (
				10EE51F52ACEA8B100704830 /* TextFieldWhiteBorderedView.swift */,
				10EE51F62ACEA8B100704830 /* TextFieldStyle.swift */,
				10EE51F72ACEA8B100704830 /* TextFieldPlaceholderStyle.swift */,
			);
			path = Modifres;
			sourceTree = "<group>";
		};
		10EE51F82ACEA8B100704830 /* SubView */ = {
			isa = PBXGroup;
			children = (
				10EE52032ACEA8B100704830 /* Package */,
				10EE51FC2ACEA8B100704830 /* TextField */,
				10EE51FF2ACEA8B100704830 /* Navigationbar */,
				10EE51F92ACEA8B100704830 /* ProfileOptionView.swift */,
				10EE51FA2ACEA8B100704830 /* PackageDataInputView.swift */,
				10EE51FB2ACEA8B100704830 /* CalenderView.swift */,
			);
			path = SubView;
			sourceTree = "<group>";
		};
		10EE51FC2ACEA8B100704830 /* TextField */ = {
			isa = PBXGroup;
			children = (
				10EE51FD2ACEA8B100704830 /* ProfileInformationExpandableView.swift */,
				10EE51FE2ACEA8B100704830 /* ProfileTextFiledView.swift */,
			);
			path = TextField;
			sourceTree = "<group>";
		};
		10EE51FF2ACEA8B100704830 /* Navigationbar */ = {
			isa = PBXGroup;
			children = (
				10EE52002ACEA8B100704830 /* NavigationBar.swift */,
				10EE52022ACEA8B100704830 /* NavigationBarLeading.swift */,
				10EE52012ACEA8B100704830 /* NavigationBarTrailing.swift */,
			);
			path = Navigationbar;
			sourceTree = "<group>";
		};
		10EE52032ACEA8B100704830 /* Package */ = {
			isa = PBXGroup;
			children = (
				10EE52042ACEA8B100704830 /* PaymentHistoryListItemView.swift */,
				10EE52052ACEA8B100704830 /* PaymentHistoryListView.swift */,
				10EE52062ACEA8B100704830 /* PackageRegistrationFormView.swift */,
				10EE52072ACEA8B100704830 /* PackageListView.swift */,
				10EE52082ACEA8B100704830 /* PackageCardView.swift */,
				10EE52632ACEC4ED00704830 /* PackageFormSubmissionPopUpView.swift */,
			);
			path = Package;
			sourceTree = "<group>";
		};
		10EE52092ACEA8B100704830 /* MainView */ = {
			isa = PBXGroup;
			children = (
				10EE520B2ACEA8B100704830 /* ProfileView.swift */,
				10EE520A2ACEA8B100704830 /* EditProfileView.swift */,
				10EE520C2ACEA8B100704830 /* InternetPackageView.swift */,
				10EE520D2ACEA8B100704830 /* AppSettingsView.swift */,
				887845F92ACD461C00625703 /* Support */,
				8883036A2ACEC55C004FD77D /* Information */,
			);
			path = MainView;
			sourceTree = "<group>";
		};
		10EE52222ACEA8D400704830 /* Model */ = {
			isa = PBXGroup;
			children = (
				10EE52232ACEA8D400704830 /* UserLocation.swift */,
				10EE52242ACEA8D400704830 /* FontManager.swift */,
				10EE52252ACEA8D400704830 /* UserData.swift */,
				10EE52262ACEA8D400704830 /* UserGender.swift */,
				10EE52272ACEA8D400704830 /* PaymentHistory.swift */,
				10EE52282ACEA8D400704830 /* Package.swift */,
			);
			path = Model;
			sourceTree = "<group>";
		};
		10EE522F2ACEA8FA00704830 /* ViewModel */ = {
			isa = PBXGroup;
			children = (
				10EE52302ACEA8FA00704830 /* UserInfos.swift */,
				10EE52312ACEA8FA00704830 /* PackageViewModel.swift */,
			);
			path = ViewModel;
			sourceTree = "<group>";
		};
		10EE52342ACEA92200704830 /* Helper */ = {
			isa = PBXGroup;
			children = (
				10EE52352ACEA92200704830 /* DateFormatter.swift */,
			);
			path = Helper;
			sourceTree = "<group>";
		};
		10EE52362ACEA92200704830 /* Extension */ = {
			isa = PBXGroup;
			children = (
				10EE52372ACEA92200704830 /* BundleJsonDecoder.swift */,
				10EE52382ACEA92200704830 /* ScreenSize.swift */,
				10EE52392ACEA92200704830 /* DeviceType.swift */,
				10EE523A2ACEA92200704830 /* Colors.swift */,
			);
			path = Extension;
			sourceTree = "<group>";
		};
		10EE523B2ACEA92200704830 /* Storage */ = {
			isa = PBXGroup;
			children = (
				10EE523C2ACEA92200704830 /* GeoLocations */,
				10EE523F2ACEA92200704830 /* DummyDatas.swift */,
				10EE52402ACEA92200704830 /* Fonts */,
			);
			path = Storage;
			sourceTree = "<group>";
		};
		10EE523C2ACEA92200704830 /* GeoLocations */ = {
			isa = PBXGroup;
			children = (
				10EE523D2ACEA92200704830 /* GeoLocations.json */,
				10EE523E2ACEA92200704830 /* Country.swift */,
			);
			path = GeoLocations;
			sourceTree = "<group>";
		};
		10EE52402ACEA92200704830 /* Fonts */ = {
			isa = PBXGroup;
			children = (
				10EE52412ACEA92200704830 /* Montserrat */,
				10EE52452ACEA92200704830 /* Poppins */,
			);
			path = Fonts;
			sourceTree = "<group>";
		};
		10EE52412ACEA92200704830 /* Montserrat */ = {
			isa = PBXGroup;
			children = (
				10EE52422ACEA92200704830 /* Montserrat-Medium.ttf */,
				10EE52432ACEA92200704830 /* Montserrat-Light.ttf */,
				10EE52442ACEA92200704830 /* Montserrat-Bold.ttf */,
			);
			path = Montserrat;
			sourceTree = "<group>";
		};
		10EE52452ACEA92200704830 /* Poppins */ = {
			isa = PBXGroup;
			children = (
				10EE52462ACEA92200704830 /* Poppins-Light.ttf */,
				10EE52472ACEA92200704830 /* Poppins-Medium.ttf */,
				10EE52482ACEA92200704830 /* Poppins-Regular.ttf */,
				10EE52492ACEA92200704830 /* Poppins-Bold.ttf */,
				10EE524A2ACEA92200704830 /* Poppins-SemiBold.ttf */,
			);
			path = Poppins;
			sourceTree = "<group>";
		};
		10EE524B2ACEA92200704830 /* DeviceInfos */ = {
			isa = PBXGroup;
			children = (
				10EE524C2ACEA92200704830 /* DeviceInfos.swift */,
			);
			path = DeviceInfos;
			sourceTree = "<group>";
		};
		10EE525E2ACEAA4A00704830 /* Shapes */ = {
			isa = PBXGroup;
			children = (
				10EE525F2ACEAA4A00704830 /* RoundedCorner.swift */,
				10EE52602ACEAA4A00704830 /* StepGradientView.swift */,
			);
			path = Shapes;
			sourceTree = "<group>";
		};
		887845F92ACD461C00625703 /* Support */ = {
			isa = PBXGroup;
			children = (
				88283D502ACE892E000E73B2 /* UsageHistorySupportPage.swift */,
				887845FA2ACD465100625703 /* UsageHistoryTextFieldModifierl.swift */,
				887845FC2ACD4D1D00625703 /* UsageHistoryTicketCreatePage.swift */,
				881100E12ACD74EC008536BE /* UsageHistoryAllTickets.swift */,
				881100E52ACD84AC008536BE /* FeedBackView.swift */,
				881100E32ACD7DEA008536BE /* NotificationsView.swift */,
			);
			path = Support;
			sourceTree = "<group>";
		};
		8883036A2ACEC55C004FD77D /* Information */ = {
			isa = PBXGroup;
			children = (
				8883036B2ACEC57D004FD77D /* Terms_And_Conditions.swift */,
				8883036D2ACECAB0004FD77D /* FAQ.swift */,
				8883036F2ACECB19004FD77D /* Privacy Notice .swift */,
			);
			path = Information;
			sourceTree = "<group>";
		};
/* End PBXGroup section */

/* Begin PBXNativeTarget section */
		108C6AF32AC3F77F006CC7CC /* Amber IT Profile */ = {
			isa = PBXNativeTarget;
			buildConfigurationList = 108C6B022AC3F781006CC7CC /* Build configuration list for PBXNativeTarget "Amber IT Profile" */;
			buildPhases = (
				108C6AF02AC3F77F006CC7CC /* Sources */,
				108C6AF12AC3F77F006CC7CC /* Frameworks */,
				108C6AF22AC3F77F006CC7CC /* Resources */,
			);
			buildRules = (
			);
			dependencies = (
			);
			name = "Amber IT Profile";
			productName = "Amber IT Profile";
			productReference = 108C6AF42AC3F77F006CC7CC /* Amber IT Profile.app */;
			productType = "com.apple.product-type.application";
		};
/* End PBXNativeTarget section */

/* Begin PBXProject section */
		108C6AEC2AC3F77F006CC7CC /* Project object */ = {
			isa = PBXProject;
			attributes = {
				BuildIndependentTargetsInParallel = 1;
				LastSwiftUpdateCheck = 1430;
				LastUpgradeCheck = 1430;
				TargetAttributes = {
					108C6AF32AC3F77F006CC7CC = {
						CreatedOnToolsVersion = 14.3.1;
					};
				};
			};
			buildConfigurationList = 108C6AEF2AC3F77F006CC7CC /* Build configuration list for PBXProject "Amber IT Profile" */;
			compatibilityVersion = "Xcode 14.0";
			developmentRegion = en;
			hasScannedForEncodings = 0;
			knownRegions = (
				en,
				Base,
			);
			mainGroup = 108C6AEB2AC3F77F006CC7CC;
			productRefGroup = 108C6AF52AC3F77F006CC7CC /* Products */;
			projectDirPath = "";
			projectRoot = "";
			targets = (
				108C6AF32AC3F77F006CC7CC /* Amber IT Profile */,
			);
		};
/* End PBXProject section */

/* Begin PBXResourcesBuildPhase section */
		108C6AF22AC3F77F006CC7CC /* Resources */ = {
			isa = PBXResourcesBuildPhase;
			buildActionMask = 2147483647;
			files = (
				10EE52582ACEA92300704830 /* Poppins-Light.ttf in Resources */,
				10EE52562ACEA92300704830 /* Montserrat-Light.ttf in Resources */,
				10EE525C2ACEA92300704830 /* Poppins-SemiBold.ttf in Resources */,
				10EE52522ACEA92300704830 /* GeoLocations.json in Resources */,
				10EE525A2ACEA92300704830 /* Poppins-Regular.ttf in Resources */,
				10EE52572ACEA92300704830 /* Montserrat-Bold.ttf in Resources */,
				108C6AFF2AC3F781006CC7CC /* Preview Assets.xcassets in Resources */,
				10EE52592ACEA92300704830 /* Poppins-Medium.ttf in Resources */,
				10EE525B2ACEA92300704830 /* Poppins-Bold.ttf in Resources */,
				10EE52552ACEA92300704830 /* Montserrat-Medium.ttf in Resources */,
				108C6AFC2AC3F781006CC7CC /* Assets.xcassets in Resources */,
			);
			runOnlyForDeploymentPostprocessing = 0;
		};
/* End PBXResourcesBuildPhase section */

/* Begin PBXSourcesBuildPhase section */
		108C6AF02AC3F77F006CC7CC /* Sources */ = {
			isa = PBXSourcesBuildPhase;
			buildActionMask = 2147483647;
			files = (
				10EE52542ACEA92300704830 /* DummyDatas.swift in Sources */,
				10EE524F2ACEA92300704830 /* ScreenSize.swift in Sources */,
				10EE522D2ACEA8D400704830 /* PaymentHistory.swift in Sources */,
				10EE52102ACEA8B100704830 /* TextFieldPlaceholderStyle.swift in Sources */,
				108C6AFA2AC3F77F006CC7CC /* ContentView.swift in Sources */,
				10EE52132ACEA8B100704830 /* CalenderView.swift in Sources */,
				10EE521E2ACEA8B100704830 /* EditProfileView.swift in Sources */,
				10EE522A2ACEA8D400704830 /* FontManager.swift in Sources */,
				10EE52172ACEA8B100704830 /* NavigationBarTrailing.swift in Sources */,
				10EE521D2ACEA8B100704830 /* PackageCardView.swift in Sources */,
				10EE521F2ACEA8B100704830 /* ProfileView.swift in Sources */,
				88283D512ACE892E000E73B2 /* UsageHistorySupportPage.swift in Sources */,
				10EE52612ACEAA4A00704830 /* RoundedCorner.swift in Sources */,
				10EE524D2ACEA92200704830 /* DateFormatter.swift in Sources */,
				10EE52642ACEC4ED00704830 /* PackageFormSubmissionPopUpView.swift in Sources */,
				10EE52152ACEA8B100704830 /* ProfileTextFiledView.swift in Sources */,
				10EE52212ACEA8B100704830 /* AppSettingsView.swift in Sources */,
				8883036C2ACEC57D004FD77D /* Terms_And_Conditions.swift in Sources */,
				10EE522E2ACEA8D400704830 /* Package.swift in Sources */,
				10EE522C2ACEA8D400704830 /* UserGender.swift in Sources */,
				10EE522B2ACEA8D400704830 /* UserData.swift in Sources */,
				10EE52112ACEA8B100704830 /* ProfileOptionView.swift in Sources */,
				881100E62ACD84AC008536BE /* FeedBackView.swift in Sources */,
				10EE52122ACEA8B100704830 /* PackageDataInputView.swift in Sources */,
				10EE52622ACEAA4A00704830 /* StepGradientView.swift in Sources */,
				881100E42ACD7DEA008536BE /* NotificationsView.swift in Sources */,
				10EE52192ACEA8B100704830 /* PaymentHistoryListItemView.swift in Sources */,
				10EE52162ACEA8B100704830 /* NavigationBar.swift in Sources */,
				10EE520E2ACEA8B100704830 /* TextFieldWhiteBorderedView.swift in Sources */,
				10EE52512ACEA92300704830 /* Colors.swift in Sources */,
				10EE521B2ACEA8B100704830 /* PackageRegistrationFormView.swift in Sources */,
				10EE524E2ACEA92200704830 /* BundleJsonDecoder.swift in Sources */,
				887845FD2ACD4D1D00625703 /* UsageHistoryTicketCreatePage.swift in Sources */,
				10EE52532ACEA92300704830 /* Country.swift in Sources */,
				881100E22ACD74EC008536BE /* UsageHistoryAllTickets.swift in Sources */,
				10EE525D2ACEA92300704830 /* DeviceInfos.swift in Sources */,
				10EE521A2ACEA8B100704830 /* PaymentHistoryListView.swift in Sources */,
				10EE52502ACEA92300704830 /* DeviceType.swift in Sources */,
				10EE52142ACEA8B100704830 /* ProfileInformationExpandableView.swift in Sources */,
				10EE521C2ACEA8B100704830 /* PackageListView.swift in Sources */,
				10EE52322ACEA8FA00704830 /* UserInfos.swift in Sources */,
				10EE52182ACEA8B100704830 /* NavigationBarLeading.swift in Sources */,
				10EE52332ACEA8FA00704830 /* PackageViewModel.swift in Sources */,
				10EE52202ACEA8B100704830 /* InternetPackageView.swift in Sources */,
				10EE52292ACEA8D400704830 /* UserLocation.swift in Sources */,
				8883036E2ACECAB0004FD77D /* FAQ.swift in Sources */,
				887845FB2ACD465100625703 /* UsageHistoryTextFieldModifierl.swift in Sources */,
				10EE520F2ACEA8B100704830 /* TextFieldStyle.swift in Sources */,
				888303702ACECB19004FD77D /* Privacy Notice .swift in Sources */,
				108C6AF82AC3F77F006CC7CC /* Amber_IT_ProfileApp.swift in Sources */,
			);
			runOnlyForDeploymentPostprocessing = 0;
		};
/* End PBXSourcesBuildPhase section */

/* Begin XCBuildConfiguration section */
		108C6B002AC3F781006CC7CC /* Debug */ = {
			isa = XCBuildConfiguration;
			buildSettings = {
				ALWAYS_SEARCH_USER_PATHS = NO;
				CLANG_ANALYZER_NONNULL = YES;
				CLANG_ANALYZER_NUMBER_OBJECT_CONVERSION = YES_AGGRESSIVE;
				CLANG_CXX_LANGUAGE_STANDARD = "gnu++20";
				CLANG_ENABLE_MODULES = YES;
				CLANG_ENABLE_OBJC_ARC = YES;
				CLANG_ENABLE_OBJC_WEAK = YES;
				CLANG_WARN_BLOCK_CAPTURE_AUTORELEASING = YES;
				CLANG_WARN_BOOL_CONVERSION = YES;
				CLANG_WARN_COMMA = YES;
				CLANG_WARN_CONSTANT_CONVERSION = YES;
				CLANG_WARN_DEPRECATED_OBJC_IMPLEMENTATIONS = YES;
				CLANG_WARN_DIRECT_OBJC_ISA_USAGE = YES_ERROR;
				CLANG_WARN_DOCUMENTATION_COMMENTS = YES;
				CLANG_WARN_EMPTY_BODY = YES;
				CLANG_WARN_ENUM_CONVERSION = YES;
				CLANG_WARN_INFINITE_RECURSION = YES;
				CLANG_WARN_INT_CONVERSION = YES;
				CLANG_WARN_NON_LITERAL_NULL_CONVERSION = YES;
				CLANG_WARN_OBJC_IMPLICIT_RETAIN_SELF = YES;
				CLANG_WARN_OBJC_LITERAL_CONVERSION = YES;
				CLANG_WARN_OBJC_ROOT_CLASS = YES_ERROR;
				CLANG_WARN_QUOTED_INCLUDE_IN_FRAMEWORK_HEADER = YES;
				CLANG_WARN_RANGE_LOOP_ANALYSIS = YES;
				CLANG_WARN_STRICT_PROTOTYPES = YES;
				CLANG_WARN_SUSPICIOUS_MOVE = YES;
				CLANG_WARN_UNGUARDED_AVAILABILITY = YES_AGGRESSIVE;
				CLANG_WARN_UNREACHABLE_CODE = YES;
				CLANG_WARN__DUPLICATE_METHOD_MATCH = YES;
				COPY_PHASE_STRIP = NO;
				DEBUG_INFORMATION_FORMAT = dwarf;
				ENABLE_STRICT_OBJC_MSGSEND = YES;
				ENABLE_TESTABILITY = YES;
				GCC_C_LANGUAGE_STANDARD = gnu11;
				GCC_DYNAMIC_NO_PIC = NO;
				GCC_NO_COMMON_BLOCKS = YES;
				GCC_OPTIMIZATION_LEVEL = 0;
				GCC_PREPROCESSOR_DEFINITIONS = (
					"DEBUG=1",
					"$(inherited)",
				);
				GCC_WARN_64_TO_32_BIT_CONVERSION = YES;
				GCC_WARN_ABOUT_RETURN_TYPE = YES_ERROR;
				GCC_WARN_UNDECLARED_SELECTOR = YES;
				GCC_WARN_UNINITIALIZED_AUTOS = YES_AGGRESSIVE;
				GCC_WARN_UNUSED_FUNCTION = YES;
				GCC_WARN_UNUSED_VARIABLE = YES;
				IPHONEOS_DEPLOYMENT_TARGET = 16.4;
				MTL_ENABLE_DEBUG_INFO = INCLUDE_SOURCE;
				MTL_FAST_MATH = YES;
				ONLY_ACTIVE_ARCH = YES;
				SDKROOT = iphoneos;
				SWIFT_ACTIVE_COMPILATION_CONDITIONS = DEBUG;
				SWIFT_OPTIMIZATION_LEVEL = "-Onone";
			};
			name = Debug;
		};
		108C6B012AC3F781006CC7CC /* Release */ = {
			isa = XCBuildConfiguration;
			buildSettings = {
				ALWAYS_SEARCH_USER_PATHS = NO;
				CLANG_ANALYZER_NONNULL = YES;
				CLANG_ANALYZER_NUMBER_OBJECT_CONVERSION = YES_AGGRESSIVE;
				CLANG_CXX_LANGUAGE_STANDARD = "gnu++20";
				CLANG_ENABLE_MODULES = YES;
				CLANG_ENABLE_OBJC_ARC = YES;
				CLANG_ENABLE_OBJC_WEAK = YES;
				CLANG_WARN_BLOCK_CAPTURE_AUTORELEASING = YES;
				CLANG_WARN_BOOL_CONVERSION = YES;
				CLANG_WARN_COMMA = YES;
				CLANG_WARN_CONSTANT_CONVERSION = YES;
				CLANG_WARN_DEPRECATED_OBJC_IMPLEMENTATIONS = YES;
				CLANG_WARN_DIRECT_OBJC_ISA_USAGE = YES_ERROR;
				CLANG_WARN_DOCUMENTATION_COMMENTS = YES;
				CLANG_WARN_EMPTY_BODY = YES;
				CLANG_WARN_ENUM_CONVERSION = YES;
				CLANG_WARN_INFINITE_RECURSION = YES;
				CLANG_WARN_INT_CONVERSION = YES;
				CLANG_WARN_NON_LITERAL_NULL_CONVERSION = YES;
				CLANG_WARN_OBJC_IMPLICIT_RETAIN_SELF = YES;
				CLANG_WARN_OBJC_LITERAL_CONVERSION = YES;
				CLANG_WARN_OBJC_ROOT_CLASS = YES_ERROR;
				CLANG_WARN_QUOTED_INCLUDE_IN_FRAMEWORK_HEADER = YES;
				CLANG_WARN_RANGE_LOOP_ANALYSIS = YES;
				CLANG_WARN_STRICT_PROTOTYPES = YES;
				CLANG_WARN_SUSPICIOUS_MOVE = YES;
				CLANG_WARN_UNGUARDED_AVAILABILITY = YES_AGGRESSIVE;
				CLANG_WARN_UNREACHABLE_CODE = YES;
				CLANG_WARN__DUPLICATE_METHOD_MATCH = YES;
				COPY_PHASE_STRIP = NO;
				DEBUG_INFORMATION_FORMAT = "dwarf-with-dsym";
				ENABLE_NS_ASSERTIONS = NO;
				ENABLE_STRICT_OBJC_MSGSEND = YES;
				GCC_C_LANGUAGE_STANDARD = gnu11;
				GCC_NO_COMMON_BLOCKS = YES;
				GCC_WARN_64_TO_32_BIT_CONVERSION = YES;
				GCC_WARN_ABOUT_RETURN_TYPE = YES_ERROR;
				GCC_WARN_UNDECLARED_SELECTOR = YES;
				GCC_WARN_UNINITIALIZED_AUTOS = YES_AGGRESSIVE;
				GCC_WARN_UNUSED_FUNCTION = YES;
				GCC_WARN_UNUSED_VARIABLE = YES;
				IPHONEOS_DEPLOYMENT_TARGET = 16.4;
				MTL_ENABLE_DEBUG_INFO = NO;
				MTL_FAST_MATH = YES;
				SDKROOT = iphoneos;
				SWIFT_COMPILATION_MODE = wholemodule;
				SWIFT_OPTIMIZATION_LEVEL = "-O";
				VALIDATE_PRODUCT = YES;
			};
			name = Release;
		};
		108C6B032AC3F781006CC7CC /* Debug */ = {
			isa = XCBuildConfiguration;
			buildSettings = {
				ASSETCATALOG_COMPILER_APPICON_NAME = AppIcon;
				ASSETCATALOG_COMPILER_GLOBAL_ACCENT_COLOR_NAME = AccentColor;
				CODE_SIGN_STYLE = Automatic;
				CURRENT_PROJECT_VERSION = 1;
				DEVELOPMENT_ASSET_PATHS = "\"Amber IT Profile/Preview Content\"";
				DEVELOPMENT_TEAM = 65M4MWT22C;
				ENABLE_PREVIEWS = YES;
				GENERATE_INFOPLIST_FILE = YES;
				INFOPLIST_FILE = "Amber-IT-Profile-Info.plist";
				INFOPLIST_KEY_UIApplicationSceneManifest_Generation = YES;
				INFOPLIST_KEY_UIApplicationSupportsIndirectInputEvents = YES;
				INFOPLIST_KEY_UILaunchScreen_Generation = YES;
				INFOPLIST_KEY_UISupportedInterfaceOrientations_iPad = "UIInterfaceOrientationPortrait UIInterfaceOrientationPortraitUpsideDown UIInterfaceOrientationLandscapeLeft UIInterfaceOrientationLandscapeRight";
				INFOPLIST_KEY_UISupportedInterfaceOrientations_iPhone = "UIInterfaceOrientationPortrait UIInterfaceOrientationLandscapeLeft UIInterfaceOrientationLandscapeRight";
				IPHONEOS_DEPLOYMENT_TARGET = 14.2;
				LD_RUNPATH_SEARCH_PATHS = (
					"$(inherited)",
					"@executable_path/Frameworks",
				);
				MARKETING_VERSION = 1.0;
				PRODUCT_BUNDLE_IDENTIFIER = "com.mdabirhossain.Amber-IT-Profile1";
				PRODUCT_NAME = "$(TARGET_NAME)";
				SWIFT_EMIT_LOC_STRINGS = YES;
				SWIFT_VERSION = 5.0;
				TARGETED_DEVICE_FAMILY = "1,2";
			};
			name = Debug;
		};
		108C6B042AC3F781006CC7CC /* Release */ = {
			isa = XCBuildConfiguration;
			buildSettings = {
				ASSETCATALOG_COMPILER_APPICON_NAME = AppIcon;
				ASSETCATALOG_COMPILER_GLOBAL_ACCENT_COLOR_NAME = AccentColor;
				CODE_SIGN_STYLE = Automatic;
				CURRENT_PROJECT_VERSION = 1;
				DEVELOPMENT_ASSET_PATHS = "\"Amber IT Profile/Preview Content\"";
				DEVELOPMENT_TEAM = 65M4MWT22C;
				ENABLE_PREVIEWS = YES;
				GENERATE_INFOPLIST_FILE = YES;
				INFOPLIST_FILE = "Amber-IT-Profile-Info.plist";
				INFOPLIST_KEY_UIApplicationSceneManifest_Generation = YES;
				INFOPLIST_KEY_UIApplicationSupportsIndirectInputEvents = YES;
				INFOPLIST_KEY_UILaunchScreen_Generation = YES;
				INFOPLIST_KEY_UISupportedInterfaceOrientations_iPad = "UIInterfaceOrientationPortrait UIInterfaceOrientationPortraitUpsideDown UIInterfaceOrientationLandscapeLeft UIInterfaceOrientationLandscapeRight";
				INFOPLIST_KEY_UISupportedInterfaceOrientations_iPhone = "UIInterfaceOrientationPortrait UIInterfaceOrientationLandscapeLeft UIInterfaceOrientationLandscapeRight";
				IPHONEOS_DEPLOYMENT_TARGET = 14.2;
				LD_RUNPATH_SEARCH_PATHS = (
					"$(inherited)",
					"@executable_path/Frameworks",
				);
				MARKETING_VERSION = 1.0;
				PRODUCT_BUNDLE_IDENTIFIER = "com.mdabirhossain.Amber-IT-Profile1";
				PRODUCT_NAME = "$(TARGET_NAME)";
				SWIFT_EMIT_LOC_STRINGS = YES;
				SWIFT_VERSION = 5.0;
				TARGETED_DEVICE_FAMILY = "1,2";
			};
			name = Release;
		};
/* End XCBuildConfiguration section */

/* Begin XCConfigurationList section */
		108C6AEF2AC3F77F006CC7CC /* Build configuration list for PBXProject "Amber IT Profile" */ = {
			isa = XCConfigurationList;
			buildConfigurations = (
				108C6B002AC3F781006CC7CC /* Debug */,
				108C6B012AC3F781006CC7CC /* Release */,
			);
			defaultConfigurationIsVisible = 0;
			defaultConfigurationName = Release;
		};
		108C6B022AC3F781006CC7CC /* Build configuration list for PBXNativeTarget "Amber IT Profile" */ = {
			isa = XCConfigurationList;
			buildConfigurations = (
				108C6B032AC3F781006CC7CC /* Debug */,
				108C6B042AC3F781006CC7CC /* Release */,
			);
			defaultConfigurationIsVisible = 0;
			defaultConfigurationName = Release;
		};
/* End XCConfigurationList section */
	};
	rootObject = 108C6AEC2AC3F77F006CC7CC /* Project object */;
}
